// !$*UTF8*$!
{
	archiveVersion = 1;
	classes = {
	};
	objectVersion = 46;
	objects = {

/* Begin PBXBuildFile section */
		B0EF688A1E0B55490022E784 /* beard.png in Resources */ = {isa = PBXBuildFile; fileRef = B0EF68891E0B55490022E784 /* beard.png */; };
		B0F328751E049C14005CF98F /* AppDelegate.swift in Sources */ = {isa = PBXBuildFile; fileRef = B0F328741E049C14005CF98F /* AppDelegate.swift */; };
		B0F328771E049C14005CF98F /* ManNightViewController.swift in Sources */ = {isa = PBXBuildFile; fileRef = B0F328761E049C14005CF98F /* ManNightViewController.swift */; };
		B0F3287A1E049C14005CF98F /* Main.storyboard in Resources */ = {isa = PBXBuildFile; fileRef = B0F328781E049C14005CF98F /* Main.storyboard */; };
		B0F3287C1E049C14005CF98F /* Assets.xcassets in Resources */ = {isa = PBXBuildFile; fileRef = B0F3287B1E049C14005CF98F /* Assets.xcassets */; };
		B0F3287F1E049C14005CF98F /* LaunchScreen.storyboard in Resources */ = {isa = PBXBuildFile; fileRef = B0F3287D1E049C14005CF98F /* LaunchScreen.storyboard */; };
		B0F328951E049C83005CF98F /* AirshipKit.framework in Frameworks */ = {isa = PBXBuildFile; fileRef = B0F3288E1E049C3C005CF98F /* AirshipKit.framework */; };
		B0F328961E049C83005CF98F /* AirshipKit.framework in Embed Frameworks */ = {isa = PBXBuildFile; fileRef = B0F3288E1E049C3C005CF98F /* AirshipKit.framework */; settings = {ATTRIBUTES = (CodeSignOnCopy, RemoveHeadersOnCopy, ); }; };
		B0F3289C1E049DE4005CF98F /* AirshipConfig.plist in Resources */ = {isa = PBXBuildFile; fileRef = B0F3289B1E049DE4005CF98F /* AirshipConfig.plist */; };
		B0FA9F951E04C62D00C341B0 /* background.png in Resources */ = {isa = PBXBuildFile; fileRef = B0FA9F8F1E04C62D00C341B0 /* background.png */; };
		B0FA9F961E04C62D00C341B0 /* home.png in Resources */ = {isa = PBXBuildFile; fileRef = B0FA9F901E04C62D00C341B0 /* home.png */; };
		B0FA9F971E04C62D00C341B0 /* inbox.png in Resources */ = {isa = PBXBuildFile; fileRef = B0FA9F911E04C62D00C341B0 /* inbox.png */; };
		B0FA9F981E04C62D00C341B0 /* messages.png in Resources */ = {isa = PBXBuildFile; fileRef = B0FA9F921E04C62D00C341B0 /* messages.png */; };
		B0FA9F991E04C62D00C341B0 /* newpost.png in Resources */ = {isa = PBXBuildFile; fileRef = B0FA9F931E04C62D00C341B0 /* newpost.png */; };
		B0FA9F9A1E04C62D00C341B0 /* notification.caf in Resources */ = {isa = PBXBuildFile; fileRef = B0FA9F941E04C62D00C341B0 /* notification.caf */; };
/* End PBXBuildFile section */

/* Begin PBXContainerItemProxy section */
		B0F3288D1E049C3C005CF98F /* PBXContainerItemProxy */ = {
			isa = PBXContainerItemProxy;
			containerPortal = B0F328861E049C3B005CF98F /* AirshipKit.xcodeproj */;
			proxyType = 2;
			remoteGlobalIDString = 494DD9571B0EB677009C134E;
			remoteInfo = AirshipKit;
		};
		B0F3288F1E049C3C005CF98F /* PBXContainerItemProxy */ = {
			isa = PBXContainerItemProxy;
			containerPortal = B0F328861E049C3B005CF98F /* AirshipKit.xcodeproj */;
			proxyType = 2;
			remoteGlobalIDString = CC8999771D8B625500A0CECC;
			remoteInfo = AirshipResources;
		};
		B0F328911E049C3C005CF98F /* PBXContainerItemProxy */ = {
			isa = PBXContainerItemProxy;
			containerPortal = B0F328861E049C3B005CF98F /* AirshipKit.xcodeproj */;
			proxyType = 2;
			remoteGlobalIDString = CC899CD01D8B712D00A0CECC;
			remoteInfo = AirshipLib;
		};
		B0F328931E049C3C005CF98F /* PBXContainerItemProxy */ = {
			isa = PBXContainerItemProxy;
			containerPortal = B0F328861E049C3B005CF98F /* AirshipKit.xcodeproj */;
			proxyType = 2;
			remoteGlobalIDString = CC64F0541D8B77E3009CEF27;
			remoteInfo = AirshipKitTests;
		};
		B0F328971E049C83005CF98F /* PBXContainerItemProxy */ = {
			isa = PBXContainerItemProxy;
			containerPortal = B0F328861E049C3B005CF98F /* AirshipKit.xcodeproj */;
			proxyType = 1;
			remoteGlobalIDString = 494DD9561B0EB677009C134E;
			remoteInfo = AirshipKit;
		};
/* End PBXContainerItemProxy section */

/* Begin PBXCopyFilesBuildPhase section */
		B0F328991E049C83005CF98F /* Embed Frameworks */ = {
			isa = PBXCopyFilesBuildPhase;
			buildActionMask = 2147483647;
			dstPath = "";
			dstSubfolderSpec = 10;
			files = (
				B0F328961E049C83005CF98F /* AirshipKit.framework in Embed Frameworks */,
			);
			name = "Embed Frameworks";
			runOnlyForDeploymentPostprocessing = 0;
		};
/* End PBXCopyFilesBuildPhase section */

/* Begin PBXFileReference section */
		B0EF68891E0B55490022E784 /* beard.png */ = {isa = PBXFileReference; lastKnownFileType = image.png; name = beard.png; path = Resources/beard.png; sourceTree = "<group>"; };
		B0F328711E049C14005CF98F /* ManNight.app */ = {isa = PBXFileReference; explicitFileType = wrapper.application; includeInIndex = 0; path = ManNight.app; sourceTree = BUILT_PRODUCTS_DIR; };
		B0F328741E049C14005CF98F /* AppDelegate.swift */ = {isa = PBXFileReference; lastKnownFileType = sourcecode.swift; path = AppDelegate.swift; sourceTree = "<group>"; };
		B0F328761E049C14005CF98F /* ManNightViewController.swift */ = {isa = PBXFileReference; lastKnownFileType = sourcecode.swift; path = ManNightViewController.swift; sourceTree = "<group>"; };
		B0F328791E049C14005CF98F /* Base */ = {isa = PBXFileReference; lastKnownFileType = file.storyboard; name = Base; path = Base.lproj/Main.storyboard; sourceTree = "<group>"; };
		B0F3287B1E049C14005CF98F /* Assets.xcassets */ = {isa = PBXFileReference; lastKnownFileType = folder.assetcatalog; path = Assets.xcassets; sourceTree = "<group>"; };
		B0F3287E1E049C14005CF98F /* Base */ = {isa = PBXFileReference; lastKnownFileType = file.storyboard; name = Base; path = Base.lproj/LaunchScreen.storyboard; sourceTree = "<group>"; };
		B0F328801E049C14005CF98F /* Info.plist */ = {isa = PBXFileReference; lastKnownFileType = text.plist.xml; path = Info.plist; sourceTree = "<group>"; };
		B0F328861E049C3B005CF98F /* AirshipKit.xcodeproj */ = {isa = PBXFileReference; lastKnownFileType = "wrapper.pb-project"; name = AirshipKit.xcodeproj; path = AirshipKit/AirshipKit.xcodeproj; sourceTree = "<group>"; };
		B0F3289A1E049CF4005CF98F /* ManNight.entitlements */ = {isa = PBXFileReference; lastKnownFileType = text.plist.entitlements; path = ManNight.entitlements; sourceTree = "<group>"; };
		B0F3289B1E049DE4005CF98F /* AirshipConfig.plist */ = {isa = PBXFileReference; fileEncoding = 4; lastKnownFileType = text.plist.xml; path = AirshipConfig.plist; sourceTree = "<group>"; };
		B0FA9F8F1E04C62D00C341B0 /* background.png */ = {isa = PBXFileReference; lastKnownFileType = image.png; name = background.png; path = Resources/background.png; sourceTree = "<group>"; };
		B0FA9F901E04C62D00C341B0 /* home.png */ = {isa = PBXFileReference; lastKnownFileType = image.png; name = home.png; path = Resources/home.png; sourceTree = "<group>"; };
		B0FA9F911E04C62D00C341B0 /* inbox.png */ = {isa = PBXFileReference; lastKnownFileType = image.png; name = inbox.png; path = Resources/inbox.png; sourceTree = "<group>"; };
		B0FA9F921E04C62D00C341B0 /* messages.png */ = {isa = PBXFileReference; lastKnownFileType = image.png; name = messages.png; path = Resources/messages.png; sourceTree = "<group>"; };
		B0FA9F931E04C62D00C341B0 /* newpost.png */ = {isa = PBXFileReference; lastKnownFileType = image.png; name = newpost.png; path = Resources/newpost.png; sourceTree = "<group>"; };
		B0FA9F941E04C62D00C341B0 /* notification.caf */ = {isa = PBXFileReference; lastKnownFileType = file; name = notification.caf; path = Resources/notification.caf; sourceTree = "<group>"; };
/* End PBXFileReference section */

/* Begin PBXFrameworksBuildPhase section */
		B0F3286E1E049C14005CF98F /* Frameworks */ = {
			isa = PBXFrameworksBuildPhase;
			buildActionMask = 2147483647;
			files = (
				B0F328951E049C83005CF98F /* AirshipKit.framework in Frameworks */,
			);
			runOnlyForDeploymentPostprocessing = 0;
		};
/* End PBXFrameworksBuildPhase section */

/* Begin PBXGroup section */
		B0F328681E049C14005CF98F = {
			isa = PBXGroup;
			children = (
				B0F3289B1E049DE4005CF98F /* AirshipConfig.plist */,
				B0F328861E049C3B005CF98F /* AirshipKit.xcodeproj */,
				B0F328731E049C14005CF98F /* ManNight */,
				B0F328721E049C14005CF98F /* Products */,
			);
			sourceTree = "<group>";
		};
		B0F328721E049C14005CF98F /* Products */ = {
			isa = PBXGroup;
			children = (
				B0F328711E049C14005CF98F /* ManNight.app */,
			);
			name = Products;
			sourceTree = "<group>";
		};
		B0F328731E049C14005CF98F /* ManNight */ = {
			isa = PBXGroup;
			children = (
				B0F3289A1E049CF4005CF98F /* ManNight.entitlements */,
				B0F328801E049C14005CF98F /* Info.plist */,
				B0F328741E049C14005CF98F /* AppDelegate.swift */,
				B0F328761E049C14005CF98F /* ManNightViewController.swift */,
				B0F3287B1E049C14005CF98F /* Assets.xcassets */,
				B0F3287D1E049C14005CF98F /* LaunchScreen.storyboard */,
				B0F328781E049C14005CF98F /* Main.storyboard */,
				B0FA9F8E1E04C5C900C341B0 /* Resources */,
			);
			path = ManNight;
			sourceTree = "<group>";
		};
		B0F328871E049C3B005CF98F /* Products */ = {
			isa = PBXGroup;
			children = (
				B0F3288E1E049C3C005CF98F /* AirshipKit.framework */,
				B0F328901E049C3C005CF98F /* AirshipResources.bundle */,
				B0F328921E049C3C005CF98F /* libUAirship.a */,
				B0F328941E049C3C005CF98F /* AirshipKitTests.xctest */,
			);
			name = Products;
			sourceTree = "<group>";
		};
		B0FA9F8E1E04C5C900C341B0 /* Resources */ = {
			isa = PBXGroup;
			children = (
				B0FA9F8F1E04C62D00C341B0 /* background.png */,
				B0EF68891E0B55490022E784 /* beard.png */,
				B0FA9F901E04C62D00C341B0 /* home.png */,
				B0FA9F911E04C62D00C341B0 /* inbox.png */,
				B0FA9F921E04C62D00C341B0 /* messages.png */,
				B0FA9F931E04C62D00C341B0 /* newpost.png */,
				B0FA9F941E04C62D00C341B0 /* notification.caf */,
			);
			name = Resources;
			sourceTree = "<group>";
		};
/* End PBXGroup section */

/* Begin PBXNativeTarget section */
		B0F328701E049C14005CF98F /* ManNight */ = {
			isa = PBXNativeTarget;
			buildConfigurationList = B0F328831E049C14005CF98F /* Build configuration list for PBXNativeTarget "ManNight" */;
			buildPhases = (
				B0F3286D1E049C14005CF98F /* Sources */,
				B0F3286E1E049C14005CF98F /* Frameworks */,
				B0F3286F1E049C14005CF98F /* Resources */,
				B0F328991E049C83005CF98F /* Embed Frameworks */,
			);
			buildRules = (
			);
			dependencies = (
				B0F328981E049C83005CF98F /* PBXTargetDependency */,
			);
			name = ManNight;
			productName = ManNight;
			productReference = B0F328711E049C14005CF98F /* ManNight.app */;
			productType = "com.apple.product-type.application";
		};
/* End PBXNativeTarget section */

/* Begin PBXProject section */
		B0F328691E049C14005CF98F /* Project object */ = {
			isa = PBXProject;
			attributes = {
				LastSwiftUpdateCheck = 0820;
				LastUpgradeCheck = 0820;
				ORGANIZATIONNAME = filmstarr;
				TargetAttributes = {
					B0F328701E049C14005CF98F = {
						CreatedOnToolsVersion = 8.2;
						DevelopmentTeam = F5YFHUPZJ2;
						ProvisioningStyle = Automatic;
						SystemCapabilities = {
							com.apple.Push = {
								enabled = 1;
							};
						};
					};
				};
			};
			buildConfigurationList = B0F3286C1E049C14005CF98F /* Build configuration list for PBXProject "ManNight" */;
			compatibilityVersion = "Xcode 3.2";
			developmentRegion = English;
			hasScannedForEncodings = 0;
			knownRegions = (
				en,
				Base,
			);
			mainGroup = B0F328681E049C14005CF98F;
			productRefGroup = B0F328721E049C14005CF98F /* Products */;
			projectDirPath = "";
			projectReferences = (
				{
					ProductGroup = B0F328871E049C3B005CF98F /* Products */;
					ProjectRef = B0F328861E049C3B005CF98F /* AirshipKit.xcodeproj */;
				},
			);
			projectRoot = "";
			targets = (
				B0F328701E049C14005CF98F /* ManNight */,
			);
		};
/* End PBXProject section */

/* Begin PBXReferenceProxy section */
		B0F3288E1E049C3C005CF98F /* AirshipKit.framework */ = {
			isa = PBXReferenceProxy;
			fileType = wrapper.framework;
			path = AirshipKit.framework;
			remoteRef = B0F3288D1E049C3C005CF98F /* PBXContainerItemProxy */;
			sourceTree = BUILT_PRODUCTS_DIR;
		};
		B0F328901E049C3C005CF98F /* AirshipResources.bundle */ = {
			isa = PBXReferenceProxy;
			fileType = wrapper.cfbundle;
			path = AirshipResources.bundle;
			remoteRef = B0F3288F1E049C3C005CF98F /* PBXContainerItemProxy */;
			sourceTree = BUILT_PRODUCTS_DIR;
		};
		B0F328921E049C3C005CF98F /* libUAirship.a */ = {
			isa = PBXReferenceProxy;
			fileType = archive.ar;
			path = libUAirship.a;
			remoteRef = B0F328911E049C3C005CF98F /* PBXContainerItemProxy */;
			sourceTree = BUILT_PRODUCTS_DIR;
		};
		B0F328941E049C3C005CF98F /* AirshipKitTests.xctest */ = {
			isa = PBXReferenceProxy;
			fileType = wrapper.cfbundle;
			path = AirshipKitTests.xctest;
			remoteRef = B0F328931E049C3C005CF98F /* PBXContainerItemProxy */;
			sourceTree = BUILT_PRODUCTS_DIR;
		};
/* End PBXReferenceProxy section */

/* Begin PBXResourcesBuildPhase section */
		B0F3286F1E049C14005CF98F /* Resources */ = {
			isa = PBXResourcesBuildPhase;
			buildActionMask = 2147483647;
			files = (
				B0F3287F1E049C14005CF98F /* LaunchScreen.storyboard in Resources */,
				B0FA9F951E04C62D00C341B0 /* background.png in Resources */,
				B0EF688A1E0B55490022E784 /* beard.png in Resources */,
				B0FA9F961E04C62D00C341B0 /* home.png in Resources */,
				B0F3287C1E049C14005CF98F /* Assets.xcassets in Resources */,
				B0F3287A1E049C14005CF98F /* Main.storyboard in Resources */,
				B0F3289C1E049DE4005CF98F /* AirshipConfig.plist in Resources */,
				B0FA9F971E04C62D00C341B0 /* inbox.png in Resources */,
				B0FA9F9A1E04C62D00C341B0 /* notification.caf in Resources */,
				B0FA9F991E04C62D00C341B0 /* newpost.png in Resources */,
				B0FA9F981E04C62D00C341B0 /* messages.png in Resources */,
			);
			runOnlyForDeploymentPostprocessing = 0;
		};
/* End PBXResourcesBuildPhase section */

/* Begin PBXSourcesBuildPhase section */
		B0F3286D1E049C14005CF98F /* Sources */ = {
			isa = PBXSourcesBuildPhase;
			buildActionMask = 2147483647;
			files = (
				B0F328771E049C14005CF98F /* ManNightViewController.swift in Sources */,
				B0F328751E049C14005CF98F /* AppDelegate.swift in Sources */,
			);
			runOnlyForDeploymentPostprocessing = 0;
		};
/* End PBXSourcesBuildPhase section */

/* Begin PBXTargetDependency section */
		B0F328981E049C83005CF98F /* PBXTargetDependency */ = {
			isa = PBXTargetDependency;
			name = AirshipKit;
			targetProxy = B0F328971E049C83005CF98F /* PBXContainerItemProxy */;
		};
/* End PBXTargetDependency section */

/* Begin PBXVariantGroup section */
		B0F328781E049C14005CF98F /* Main.storyboard */ = {
			isa = PBXVariantGroup;
			children = (
				B0F328791E049C14005CF98F /* Base */,
			);
			name = Main.storyboard;
			sourceTree = "<group>";
		};
		B0F3287D1E049C14005CF98F /* LaunchScreen.storyboard */ = {
			isa = PBXVariantGroup;
			children = (
				B0F3287E1E049C14005CF98F /* Base */,
			);
			name = LaunchScreen.storyboard;
			sourceTree = "<group>";
		};
/* End PBXVariantGroup section */

/* Begin XCBuildConfiguration section */
		B0F328811E049C14005CF98F /* Debug */ = {
			isa = XCBuildConfiguration;
			buildSettings = {
				ALWAYS_SEARCH_USER_PATHS = NO;
				CLANG_ANALYZER_NONNULL = YES;
				CLANG_CXX_LANGUAGE_STANDARD = "gnu++0x";
				CLANG_CXX_LIBRARY = "libc++";
				CLANG_ENABLE_MODULES = YES;
				CLANG_ENABLE_OBJC_ARC = YES;
				CLANG_WARN_BOOL_CONVERSION = YES;
				CLANG_WARN_CONSTANT_CONVERSION = YES;
				CLANG_WARN_DIRECT_OBJC_ISA_USAGE = YES_ERROR;
				CLANG_WARN_DOCUMENTATION_COMMENTS = YES;
				CLANG_WARN_EMPTY_BODY = YES;
				CLANG_WARN_ENUM_CONVERSION = YES;
				CLANG_WARN_INFINITE_RECURSION = YES;
				CLANG_WARN_INT_CONVERSION = YES;
				CLANG_WARN_OBJC_ROOT_CLASS = YES_ERROR;
				CLANG_WARN_SUSPICIOUS_MOVE = YES;
				CLANG_WARN_UNREACHABLE_CODE = YES;
				CLANG_WARN__DUPLICATE_METHOD_MATCH = YES;
				"CODE_SIGN_IDENTITY[sdk=iphoneos*]" = "iPhone Developer";
				COPY_PHASE_STRIP = NO;
				DEBUG_INFORMATION_FORMAT = dwarf;
				ENABLE_STRICT_OBJC_MSGSEND = YES;
				ENABLE_TESTABILITY = YES;
				GCC_C_LANGUAGE_STANDARD = gnu99;
				GCC_DYNAMIC_NO_PIC = NO;
				GCC_NO_COMMON_BLOCKS = YES;
				GCC_OPTIMIZATION_LEVEL = 0;
				GCC_PREPROCESSOR_DEFINITIONS = (
					"DEBUG=1",
					"$(inherited)",
				);
				GCC_WARN_64_TO_32_BIT_CONVERSION = YES;
				GCC_WARN_ABOUT_RETURN_TYPE = YES_ERROR;
				GCC_WARN_UNDECLARED_SELECTOR = YES;
				GCC_WARN_UNINITIALIZED_AUTOS = YES_AGGRESSIVE;
				GCC_WARN_UNUSED_FUNCTION = YES;
				GCC_WARN_UNUSED_VARIABLE = YES;
				IPHONEOS_DEPLOYMENT_TARGET = 10.2;
				MTL_ENABLE_DEBUG_INFO = YES;
				ONLY_ACTIVE_ARCH = YES;
				SDKROOT = iphoneos;
				SWIFT_ACTIVE_COMPILATION_CONDITIONS = DEBUG;
				SWIFT_OPTIMIZATION_LEVEL = "-Onone";
				TARGETED_DEVICE_FAMILY = "1,2";
			};
			name = Debug;
		};
		B0F328821E049C14005CF98F /* Release */ = {
			isa = XCBuildConfiguration;
			buildSettings = {
				ALWAYS_SEARCH_USER_PATHS = NO;
				CLANG_ANALYZER_NONNULL = YES;
				CLANG_CXX_LANGUAGE_STANDARD = "gnu++0x";
				CLANG_CXX_LIBRARY = "libc++";
				CLANG_ENABLE_MODULES = YES;
				CLANG_ENABLE_OBJC_ARC = YES;
				CLANG_WARN_BOOL_CONVERSION = YES;
				CLANG_WARN_CONSTANT_CONVERSION = YES;
				CLANG_WARN_DIRECT_OBJC_ISA_USAGE = YES_ERROR;
				CLANG_WARN_DOCUMENTATION_COMMENTS = YES;
				CLANG_WARN_EMPTY_BODY = YES;
				CLANG_WARN_ENUM_CONVERSION = YES;
				CLANG_WARN_INFINITE_RECURSION = YES;
				CLANG_WARN_INT_CONVERSION = YES;
				CLANG_WARN_OBJC_ROOT_CLASS = YES_ERROR;
				CLANG_WARN_SUSPICIOUS_MOVE = YES;
				CLANG_WARN_UNREACHABLE_CODE = YES;
				CLANG_WARN__DUPLICATE_METHOD_MATCH = YES;
				"CODE_SIGN_IDENTITY[sdk=iphoneos*]" = "iPhone Developer";
				COPY_PHASE_STRIP = NO;
				DEBUG_INFORMATION_FORMAT = "dwarf-with-dsym";
				ENABLE_NS_ASSERTIONS = NO;
				ENABLE_STRICT_OBJC_MSGSEND = YES;
				GCC_C_LANGUAGE_STANDARD = gnu99;
				GCC_NO_COMMON_BLOCKS = YES;
				GCC_WARN_64_TO_32_BIT_CONVERSION = YES;
				GCC_WARN_ABOUT_RETURN_TYPE = YES_ERROR;
				GCC_WARN_UNDECLARED_SELECTOR = YES;
				GCC_WARN_UNINITIALIZED_AUTOS = YES_AGGRESSIVE;
				GCC_WARN_UNUSED_FUNCTION = YES;
				GCC_WARN_UNUSED_VARIABLE = YES;
				IPHONEOS_DEPLOYMENT_TARGET = 10.2;
				MTL_ENABLE_DEBUG_INFO = NO;
				SDKROOT = iphoneos;
				SWIFT_OPTIMIZATION_LEVEL = "-Owholemodule";
				TARGETED_DEVICE_FAMILY = "1,2";
				VALIDATE_PRODUCT = YES;
			};
			name = Release;
		};
		B0F328841E049C14005CF98F /* Debug */ = {
			isa = XCBuildConfiguration;
			buildSettings = {
				ASSETCATALOG_COMPILER_APPICON_NAME = AppIcon;
				CODE_SIGN_ENTITLEMENTS = ManNight/ManNight.entitlements;
				DEVELOPMENT_TEAM = F5YFHUPZJ2;
				INFOPLIST_FILE = ManNight/Info.plist;
				IPHONEOS_DEPLOYMENT_TARGET = 10.0;
				LD_RUNPATH_SEARCH_PATHS = "$(inherited) @executable_path/Frameworks";
				PRODUCT_BUNDLE_IDENTIFIER = com.filmstarr.ManNight;
				PRODUCT_NAME = "$(TARGET_NAME)";
				SWIFT_VERSION = 3.0;
			};
			name = Debug;
		};
		B0F328851E049C14005CF98F /* Release */ = {
			isa = XCBuildConfiguration;
			buildSettings = {
				ASSETCATALOG_COMPILER_APPICON_NAME = AppIcon;
				CODE_SIGN_ENTITLEMENTS = ManNight/ManNight.entitlements;
				DEVELOPMENT_TEAM = F5YFHUPZJ2;
				INFOPLIST_FILE = ManNight/Info.plist;
				IPHONEOS_DEPLOYMENT_TARGET = 10.0;
				LD_RUNPATH_SEARCH_PATHS = "$(inherited) @executable_path/Frameworks";
				ONLY_ACTIVE_ARCH = YES;
				PRODUCT_BUNDLE_IDENTIFIER = com.filmstarr.ManNight;
				PRODUCT_NAME = "$(TARGET_NAME)";
				SWIFT_VERSION = 3.0;
			};
			name = Release;
		};
/* End XCBuildConfiguration section */

/* Begin XCConfigurationList section */
		B0F3286C1E049C14005CF98F /* Build configuration list for PBXProject "ManNight" */ = {
			isa = XCConfigurationList;
			buildConfigurations = (
				B0F328811E049C14005CF98F /* Debug */,
				B0F328821E049C14005CF98F /* Release */,
			);
			defaultConfigurationIsVisible = 0;
			defaultConfigurationName = Release;
		};
		B0F328831E049C14005CF98F /* Build configuration list for PBXNativeTarget "ManNight" */ = {
			isa = XCConfigurationList;
			buildConfigurations = (
				B0F328841E049C14005CF98F /* Debug */,
				B0F328851E049C14005CF98F /* Release */,
			);
			defaultConfigurationIsVisible = 0;
			defaultConfigurationName = Release;
		};
/* End XCConfigurationList section */
	};
	rootObject = B0F328691E049C14005CF98F /* Project object */;
}
